{
  "originHash" : "967268e283b06d7c860218c3c2b6b0caf5bc60b988b1b69b2eb57d1e3204af2d",
  "pins" : [
    {
      "identity" : "flexlayout",
      "kind" : "remoteSourceControl",
      "location" : "https://github.com/layoutBox/FlexLayout.git",
      "state" : {
        "revision" : "f3187749d2d31a01aa18f8b107e603e210f9bce9",
        "version" : "1.3.33"
      }
    },
    {
      "identity" : "pinlayout",
      "kind" : "remoteSourceControl",
      "location" : "https://github.com/layoutBox/PinLayout.git",
      "state" : {
        "revision" : "8eaa3a15e4dcabaca4c95aea4c0ff0c9b4a67213",
        "version" : "1.10.5"
      }
    },
    {
      "identity" : "rxswift",
      "kind" : "remoteSourceControl",
      "location" : "https://github.com/ReactiveX/RxSwift.git",
      "state" : {
        "revision" : "c7c7d2cf50a3211fe2843f76869c698e4e417930",
        "version" : "6.8.0"
      }
    }
  ],
  "version" : 3
}
