// !$*UTF8*$!
{
	archiveVersion = 1;
	classes = {
	};
	objectVersion = 56;
	objects = {

/* Begin PBXBuildFile section */
		D416C53E2AD167B700645F98 /* Log.swift in Sources */ = {isa = PBXBuildFile; fileRef = D416C53D2AD167B700645F98 /* Log.swift */; };
		D416C5402AD1799800645F98 /* AppScene.swift in Sources */ = {isa = PBXBuildFile; fileRef = D416C53F2AD1799800645F98 /* AppScene.swift */; };
		D416C5452AD17B0100645F98 /* ViewModelBindable.swift in Sources */ = {isa = PBXBuildFile; fileRef = D416C5442AD17B0100645F98 /* ViewModelBindable.swift */; };
		D416C5472AD17BEC00645F98 /* BaseViewController.swift in Sources */ = {isa = PBXBuildFile; fileRef = D416C5462AD17BEC00645F98 /* BaseViewController.swift */; };
		D416C54E2AD17C6300645F98 /* ViewModel.swift in Sources */ = {isa = PBXBuildFile; fileRef = D416C54D2AD17C6300645F98 /* ViewModel.swift */; };
		D416C5502AD17C9400645F98 /* SplashViewController.swift in Sources */ = {isa = PBXBuildFile; fileRef = D416C54F2AD17C9400645F98 /* SplashViewController.swift */; };
		D416C5522AD17C9B00645F98 /* SplashViewModel.swift in Sources */ = {isa = PBXBuildFile; fileRef = D416C5512AD17C9B00645F98 /* SplashViewModel.swift */; };
		D416C5542AD1B3ED00645F98 /* ColorAssets.xcassets in Resources */ = {isa = PBXBuildFile; fileRef = D416C5532AD1B3ED00645F98 /* ColorAssets.xcassets */; };
		D416C5562AD1B47900645F98 /* AppAppearance.swift in Sources */ = {isa = PBXBuildFile; fileRef = D416C5552AD1B47900645F98 /* AppAppearance.swift */; };
		D416C55A2AD1C78700645F98 /* RxCocoa in Frameworks */ = {isa = PBXBuildFile; productRef = D416C5592AD1C78700645F98 /* RxCocoa */; };
		D416C55C2AD1C78700645F98 /* RxSwift in Frameworks */ = {isa = PBXBuildFile; productRef = D416C55B2AD1C78700645F98 /* RxSwift */; };
		D416C55F2AD1CAEA00645F98 /* NSObject-Rx in Frameworks */ = {isa = PBXBuildFile; productRef = D416C55E2AD1CAEA00645F98 /* NSObject-Rx */; };
		D42F79792AD28742007B0BCC /* LoginSceneCoordinator.swift in Sources */ = {isa = PBXBuildFile; fileRef = D42F79782AD28742007B0BCC /* LoginSceneCoordinator.swift */; };
		D42F797C2AD287A5007B0BCC /* LoginSceneDIContainer.swift in Sources */ = {isa = PBXBuildFile; fileRef = D42F797B2AD287A5007B0BCC /* LoginSceneDIContainer.swift */; };
		D42F797F2AD2885C007B0BCC /* ImageAssets.xcassets in Resources */ = {isa = PBXBuildFile; fileRef = D42F797E2AD2885C007B0BCC /* ImageAssets.xcassets */; };
		D42F79822AD2AF0F007B0BCC /* UIViewControllerExt.swift in Sources */ = {isa = PBXBuildFile; fileRef = D42F79812AD2AF0F007B0BCC /* UIViewControllerExt.swift */; };
		D42F79862AD2B00B007B0BCC /* LogoView.swift in Sources */ = {isa = PBXBuildFile; fileRef = D42F79852AD2B00B007B0BCC /* LogoView.swift */; };
		D42F79892AD2B073007B0BCC /* SnapKit in Frameworks */ = {isa = PBXBuildFile; productRef = D42F79882AD2B073007B0BCC /* SnapKit */; };
		D42F798E2AD2BC81007B0BCC /* StartViewModel.swift in Sources */ = {isa = PBXBuildFile; fileRef = D42F798D2AD2BC81007B0BCC /* StartViewModel.swift */; };
		D42F79902AD2BC89007B0BCC /* StartViewController.swift in Sources */ = {isa = PBXBuildFile; fileRef = D42F798F2AD2BC89007B0BCC /* StartViewController.swift */; };
		D42F79952AD2C4E9007B0BCC /* LoginViewController.swift in Sources */ = {isa = PBXBuildFile; fileRef = D42F79942AD2C4E9007B0BCC /* LoginViewController.swift */; };
		D42F79972AD2C64C007B0BCC /* LoginViewModel.swift in Sources */ = {isa = PBXBuildFile; fileRef = D42F79962AD2C64C007B0BCC /* LoginViewModel.swift */; };
		D42F79992AD3260B007B0BCC /* PlatformViewController.swift in Sources */ = {isa = PBXBuildFile; fileRef = D42F79982AD3260B007B0BCC /* PlatformViewController.swift */; };
		D42F799B2AD32624007B0BCC /* PlatformViewModel.swift in Sources */ = {isa = PBXBuildFile; fileRef = D42F799A2AD32624007B0BCC /* PlatformViewModel.swift */; };
		D42F799E2AD3277F007B0BCC /* LoginScene.swift in Sources */ = {isa = PBXBuildFile; fileRef = D42F799D2AD3277F007B0BCC /* LoginScene.swift */; };
		D488A1A72ACFC23200DC37FC /* AppDelegate.swift in Sources */ = {isa = PBXBuildFile; fileRef = D488A1A62ACFC23200DC37FC /* AppDelegate.swift */; };
		D488A1A92ACFC23200DC37FC /* SceneDelegate.swift in Sources */ = {isa = PBXBuildFile; fileRef = D488A1A82ACFC23200DC37FC /* SceneDelegate.swift */; };
		D488A1B02ACFC23300DC37FC /* Assets.xcassets in Resources */ = {isa = PBXBuildFile; fileRef = D488A1AF2ACFC23300DC37FC /* Assets.xcassets */; };
		D488A1B32ACFC23300DC37FC /* LaunchScreen.storyboard in Resources */ = {isa = PBXBuildFile; fileRef = D488A1B12ACFC23300DC37FC /* LaunchScreen.storyboard */; };
		D488A1BE2ACFC23300DC37FC /* Github_ContributionTests.swift in Sources */ = {isa = PBXBuildFile; fileRef = D488A1BD2ACFC23300DC37FC /* Github_ContributionTests.swift */; };
		D488A1C82ACFC23300DC37FC /* Github_ContributionUITests.swift in Sources */ = {isa = PBXBuildFile; fileRef = D488A1C72ACFC23300DC37FC /* Github_ContributionUITests.swift */; };
		D488A1CA2ACFC23300DC37FC /* Github_ContributionUITestsLaunchTests.swift in Sources */ = {isa = PBXBuildFile; fileRef = D488A1C92ACFC23300DC37FC /* Github_ContributionUITestsLaunchTests.swift */; };
		D488A1DB2AD04F2100DC37FC /* AppDIContainer.swift in Sources */ = {isa = PBXBuildFile; fileRef = D488A1DA2AD04F2100DC37FC /* AppDIContainer.swift */; };
		D488A1DD2AD04F3000DC37FC /* Coordinator.swift in Sources */ = {isa = PBXBuildFile; fileRef = D488A1DC2AD04F3000DC37FC /* Coordinator.swift */; };
		D488A1E02AD0518B00DC37FC /* Scene.swift in Sources */ = {isa = PBXBuildFile; fileRef = D488A1DF2AD0518B00DC37FC /* Scene.swift */; };
		D488A1E22AD0520600DC37FC /* TransitionStyle.swift in Sources */ = {isa = PBXBuildFile; fileRef = D488A1E12AD0520600DC37FC /* TransitionStyle.swift */; };
		D488A1E52AD052D900DC37FC /* TransitionError.swift in Sources */ = {isa = PBXBuildFile; fileRef = D488A1E42AD052D900DC37FC /* TransitionError.swift */; };
		D488A1E72AD0560800DC37FC /* AppCoordinator.swift in Sources */ = {isa = PBXBuildFile; fileRef = D488A1E62AD0560800DC37FC /* AppCoordinator.swift */; };
		D4C89B0A2AD3E60D00AF8020 /* PlatformListView.swift in Sources */ = {isa = PBXBuildFile; fileRef = D4C89B092AD3E60D00AF8020 /* PlatformListView.swift */; };
		D4C89B112AD4009700AF8020 /* VCSType.swift in Sources */ = {isa = PBXBuildFile; fileRef = D4C89B102AD4009700AF8020 /* VCSType.swift */; };
		D4C89B232AD4052200AF8020 /* Localizable.strings in Resources */ = {isa = PBXBuildFile; fileRef = D4C89B252AD4052200AF8020 /* Localizable.strings */; };
		D4C89B282AD4064400AF8020 /* StringExt.swift in Sources */ = {isa = PBXBuildFile; fileRef = D4C89B272AD4064400AF8020 /* StringExt.swift */; };
		D4C89B2A2AD4370100AF8020 /* UIViewExt.swift in Sources */ = {isa = PBXBuildFile; fileRef = D4C89B292AD4370100AF8020 /* UIViewExt.swift */; };
		D4C89B2C2AD43CEE00AF8020 /* UIButtonExt.swift in Sources */ = {isa = PBXBuildFile; fileRef = D4C89B2B2AD43CEE00AF8020 /* UIButtonExt.swift */; };
		D4DAC0532AD579AF0082BEC5 /* Profile.swift in Sources */ = {isa = PBXBuildFile; fileRef = D4DAC0522AD579AF0082BEC5 /* Profile.swift */; };
		D4DAC0552AD57DC70082BEC5 /* InputTextView.swift in Sources */ = {isa = PBXBuildFile; fileRef = D4DAC0542AD57DC70082BEC5 /* InputTextView.swift */; };
		D4DAC05A2AD594640082BEC5 /* CoreDataStorage.xcdatamodeld in Sources */ = {isa = PBXBuildFile; fileRef = D4DAC0582AD594640082BEC5 /* CoreDataStorage.xcdatamodeld */; };
		D4DAC05C2AD595520082BEC5 /* CoreDataStorage.swift in Sources */ = {isa = PBXBuildFile; fileRef = D4DAC05B2AD595520082BEC5 /* CoreDataStorage.swift */; };
		D4DAC05F2AD5AADE0082BEC5 /* EndPoint.swift in Sources */ = {isa = PBXBuildFile; fileRef = D4DAC05E2AD5AADE0082BEC5 /* EndPoint.swift */; };
		D4DAC0612AD5AB920082BEC5 /* NetworkService.swift in Sources */ = {isa = PBXBuildFile; fileRef = D4DAC0602AD5AB920082BEC5 /* NetworkService.swift */; };
		D4DAC0642AD5AE180082BEC5 /* APIEndPoints.swift in Sources */ = {isa = PBXBuildFile; fileRef = D4DAC0632AD5AE180082BEC5 /* APIEndPoints.swift */; };
/* End PBXBuildFile section */

/* Begin PBXContainerItemProxy section */
		D488A1BA2ACFC23300DC37FC /* PBXContainerItemProxy */ = {
			isa = PBXContainerItemProxy;
			containerPortal = D488A19B2ACFC23200DC37FC /* Project object */;
			proxyType = 1;
			remoteGlobalIDString = D488A1A22ACFC23200DC37FC;
			remoteInfo = "Github-Contribution";
		};
		D488A1C42ACFC23300DC37FC /* PBXContainerItemProxy */ = {
			isa = PBXContainerItemProxy;
			containerPortal = D488A19B2ACFC23200DC37FC /* Project object */;
			proxyType = 1;
			remoteGlobalIDString = D488A1A22ACFC23200DC37FC;
			remoteInfo = "Github-Contribution";
		};
/* End PBXContainerItemProxy section */

/* Begin PBXFileReference section */
		D416C53D2AD167B700645F98 /* Log.swift */ = {isa = PBXFileReference; lastKnownFileType = sourcecode.swift; path = Log.swift; sourceTree = "<group>"; };
		D416C53F2AD1799800645F98 /* AppScene.swift */ = {isa = PBXFileReference; lastKnownFileType = sourcecode.swift; path = AppScene.swift; sourceTree = "<group>"; };
		D416C5442AD17B0100645F98 /* ViewModelBindable.swift */ = {isa = PBXFileReference; lastKnownFileType = sourcecode.swift; path = ViewModelBindable.swift; sourceTree = "<group>"; };
		D416C5462AD17BEC00645F98 /* BaseViewController.swift */ = {isa = PBXFileReference; lastKnownFileType = sourcecode.swift; path = BaseViewController.swift; sourceTree = "<group>"; };
		D416C54D2AD17C6300645F98 /* ViewModel.swift */ = {isa = PBXFileReference; lastKnownFileType = sourcecode.swift; path = ViewModel.swift; sourceTree = "<group>"; };
		D416C54F2AD17C9400645F98 /* SplashViewController.swift */ = {isa = PBXFileReference; lastKnownFileType = sourcecode.swift; path = SplashViewController.swift; sourceTree = "<group>"; };
		D416C5512AD17C9B00645F98 /* SplashViewModel.swift */ = {isa = PBXFileReference; lastKnownFileType = sourcecode.swift; path = SplashViewModel.swift; sourceTree = "<group>"; };
		D416C5532AD1B3ED00645F98 /* ColorAssets.xcassets */ = {isa = PBXFileReference; lastKnownFileType = folder.assetcatalog; path = ColorAssets.xcassets; sourceTree = "<group>"; };
		D416C5552AD1B47900645F98 /* AppAppearance.swift */ = {isa = PBXFileReference; lastKnownFileType = sourcecode.swift; path = AppAppearance.swift; sourceTree = "<group>"; };
		D42F79782AD28742007B0BCC /* LoginSceneCoordinator.swift */ = {isa = PBXFileReference; lastKnownFileType = sourcecode.swift; path = LoginSceneCoordinator.swift; sourceTree = "<group>"; };
		D42F797B2AD287A5007B0BCC /* LoginSceneDIContainer.swift */ = {isa = PBXFileReference; lastKnownFileType = sourcecode.swift; path = LoginSceneDIContainer.swift; sourceTree = "<group>"; };
		D42F797E2AD2885C007B0BCC /* ImageAssets.xcassets */ = {isa = PBXFileReference; lastKnownFileType = folder.assetcatalog; path = ImageAssets.xcassets; sourceTree = "<group>"; };
		D42F79812AD2AF0F007B0BCC /* UIViewControllerExt.swift */ = {isa = PBXFileReference; lastKnownFileType = sourcecode.swift; path = UIViewControllerExt.swift; sourceTree = "<group>"; };
		D42F79852AD2B00B007B0BCC /* LogoView.swift */ = {isa = PBXFileReference; lastKnownFileType = sourcecode.swift; path = LogoView.swift; sourceTree = "<group>"; };
		D42F798D2AD2BC81007B0BCC /* StartViewModel.swift */ = {isa = PBXFileReference; lastKnownFileType = sourcecode.swift; path = StartViewModel.swift; sourceTree = "<group>"; };
		D42F798F2AD2BC89007B0BCC /* StartViewController.swift */ = {isa = PBXFileReference; lastKnownFileType = sourcecode.swift; path = StartViewController.swift; sourceTree = "<group>"; };
		D42F79942AD2C4E9007B0BCC /* LoginViewController.swift */ = {isa = PBXFileReference; lastKnownFileType = sourcecode.swift; path = LoginViewController.swift; sourceTree = "<group>"; };
		D42F79962AD2C64C007B0BCC /* LoginViewModel.swift */ = {isa = PBXFileReference; lastKnownFileType = sourcecode.swift; path = LoginViewModel.swift; sourceTree = "<group>"; };
		D42F79982AD3260B007B0BCC /* PlatformViewController.swift */ = {isa = PBXFileReference; lastKnownFileType = sourcecode.swift; path = PlatformViewController.swift; sourceTree = "<group>"; };
		D42F799A2AD32624007B0BCC /* PlatformViewModel.swift */ = {isa = PBXFileReference; lastKnownFileType = sourcecode.swift; path = PlatformViewModel.swift; sourceTree = "<group>"; };
		D42F799D2AD3277F007B0BCC /* LoginScene.swift */ = {isa = PBXFileReference; lastKnownFileType = sourcecode.swift; path = LoginScene.swift; sourceTree = "<group>"; };
		D488A1A32ACFC23200DC37FC /* Github-Contribution.app */ = {isa = PBXFileReference; explicitFileType = wrapper.application; includeInIndex = 0; path = "Github-Contribution.app"; sourceTree = BUILT_PRODUCTS_DIR; };
		D488A1A62ACFC23200DC37FC /* AppDelegate.swift */ = {isa = PBXFileReference; lastKnownFileType = sourcecode.swift; path = AppDelegate.swift; sourceTree = "<group>"; };
		D488A1A82ACFC23200DC37FC /* SceneDelegate.swift */ = {isa = PBXFileReference; lastKnownFileType = sourcecode.swift; path = SceneDelegate.swift; sourceTree = "<group>"; };
		D488A1AF2ACFC23300DC37FC /* Assets.xcassets */ = {isa = PBXFileReference; lastKnownFileType = folder.assetcatalog; path = Assets.xcassets; sourceTree = "<group>"; };
		D488A1B22ACFC23300DC37FC /* Base */ = {isa = PBXFileReference; lastKnownFileType = file.storyboard; name = Base; path = Base.lproj/LaunchScreen.storyboard; sourceTree = "<group>"; };
		D488A1B42ACFC23300DC37FC /* Info.plist */ = {isa = PBXFileReference; lastKnownFileType = text.plist.xml; path = Info.plist; sourceTree = "<group>"; };
		D488A1B92ACFC23300DC37FC /* Github-ContributionTests.xctest */ = {isa = PBXFileReference; explicitFileType = wrapper.cfbundle; includeInIndex = 0; path = "Github-ContributionTests.xctest"; sourceTree = BUILT_PRODUCTS_DIR; };
		D488A1BD2ACFC23300DC37FC /* Github_ContributionTests.swift */ = {isa = PBXFileReference; lastKnownFileType = sourcecode.swift; path = Github_ContributionTests.swift; sourceTree = "<group>"; };
		D488A1C32ACFC23300DC37FC /* Github-ContributionUITests.xctest */ = {isa = PBXFileReference; explicitFileType = wrapper.cfbundle; includeInIndex = 0; path = "Github-ContributionUITests.xctest"; sourceTree = BUILT_PRODUCTS_DIR; };
		D488A1C72ACFC23300DC37FC /* Github_ContributionUITests.swift */ = {isa = PBXFileReference; lastKnownFileType = sourcecode.swift; path = Github_ContributionUITests.swift; sourceTree = "<group>"; };
		D488A1C92ACFC23300DC37FC /* Github_ContributionUITestsLaunchTests.swift */ = {isa = PBXFileReference; lastKnownFileType = sourcecode.swift; path = Github_ContributionUITestsLaunchTests.swift; sourceTree = "<group>"; };
		D488A1DA2AD04F2100DC37FC /* AppDIContainer.swift */ = {isa = PBXFileReference; lastKnownFileType = sourcecode.swift; path = AppDIContainer.swift; sourceTree = "<group>"; };
		D488A1DC2AD04F3000DC37FC /* Coordinator.swift */ = {isa = PBXFileReference; lastKnownFileType = sourcecode.swift; path = Coordinator.swift; sourceTree = "<group>"; };
		D488A1DF2AD0518B00DC37FC /* Scene.swift */ = {isa = PBXFileReference; lastKnownFileType = sourcecode.swift; path = Scene.swift; sourceTree = "<group>"; };
		D488A1E12AD0520600DC37FC /* TransitionStyle.swift */ = {isa = PBXFileReference; lastKnownFileType = sourcecode.swift; path = TransitionStyle.swift; sourceTree = "<group>"; };
		D488A1E42AD052D900DC37FC /* TransitionError.swift */ = {isa = PBXFileReference; lastKnownFileType = sourcecode.swift; path = TransitionError.swift; sourceTree = "<group>"; };
		D488A1E62AD0560800DC37FC /* AppCoordinator.swift */ = {isa = PBXFileReference; lastKnownFileType = sourcecode.swift; path = AppCoordinator.swift; sourceTree = "<group>"; };
		D4C89B092AD3E60D00AF8020 /* PlatformListView.swift */ = {isa = PBXFileReference; lastKnownFileType = sourcecode.swift; path = PlatformListView.swift; sourceTree = "<group>"; };
		D4C89B102AD4009700AF8020 /* VCSType.swift */ = {isa = PBXFileReference; lastKnownFileType = sourcecode.swift; path = VCSType.swift; sourceTree = "<group>"; };
		D4C89B242AD4052200AF8020 /* en */ = {isa = PBXFileReference; lastKnownFileType = text.plist.strings; name = en; path = en.lproj/Localizable.strings; sourceTree = "<group>"; };
		D4C89B262AD4053400AF8020 /* ko */ = {isa = PBXFileReference; lastKnownFileType = text.plist.strings; name = ko; path = ko.lproj/Localizable.strings; sourceTree = "<group>"; };
		D4C89B272AD4064400AF8020 /* StringExt.swift */ = {isa = PBXFileReference; lastKnownFileType = sourcecode.swift; path = StringExt.swift; sourceTree = "<group>"; };
		D4C89B292AD4370100AF8020 /* UIViewExt.swift */ = {isa = PBXFileReference; lastKnownFileType = sourcecode.swift; path = UIViewExt.swift; sourceTree = "<group>"; };
		D4C89B2B2AD43CEE00AF8020 /* UIButtonExt.swift */ = {isa = PBXFileReference; lastKnownFileType = sourcecode.swift; path = UIButtonExt.swift; sourceTree = "<group>"; };
		D4DAC0522AD579AF0082BEC5 /* Profile.swift */ = {isa = PBXFileReference; lastKnownFileType = sourcecode.swift; path = Profile.swift; sourceTree = "<group>"; };
		D4DAC0542AD57DC70082BEC5 /* InputTextView.swift */ = {isa = PBXFileReference; lastKnownFileType = sourcecode.swift; path = InputTextView.swift; sourceTree = "<group>"; };
		D4DAC0592AD594640082BEC5 /* CoreDataStorage.xcdatamodel */ = {isa = PBXFileReference; lastKnownFileType = wrapper.xcdatamodel; path = CoreDataStorage.xcdatamodel; sourceTree = "<group>"; };
		D4DAC05B2AD595520082BEC5 /* CoreDataStorage.swift */ = {isa = PBXFileReference; lastKnownFileType = sourcecode.swift; path = CoreDataStorage.swift; sourceTree = "<group>"; };
		D4DAC05E2AD5AADE0082BEC5 /* EndPoint.swift */ = {isa = PBXFileReference; lastKnownFileType = sourcecode.swift; path = EndPoint.swift; sourceTree = "<group>"; };
		D4DAC0602AD5AB920082BEC5 /* NetworkService.swift */ = {isa = PBXFileReference; lastKnownFileType = sourcecode.swift; path = NetworkService.swift; sourceTree = "<group>"; };
		D4DAC0632AD5AE180082BEC5 /* APIEndPoints.swift */ = {isa = PBXFileReference; lastKnownFileType = sourcecode.swift; path = APIEndPoints.swift; sourceTree = "<group>"; };
/* End PBXFileReference section */

/* Begin PBXFrameworksBuildPhase section */
		D488A1A02ACFC23200DC37FC /* Frameworks */ = {
			isa = PBXFrameworksBuildPhase;
			buildActionMask = 2147483647;
			files = (
				D416C55C2AD1C78700645F98 /* RxSwift in Frameworks */,
				D42F79892AD2B073007B0BCC /* SnapKit in Frameworks */,
				D416C55F2AD1CAEA00645F98 /* NSObject-Rx in Frameworks */,
				D416C55A2AD1C78700645F98 /* RxCocoa in Frameworks */,
			);
			runOnlyForDeploymentPostprocessing = 0;
		};
		D488A1B62ACFC23300DC37FC /* Frameworks */ = {
			isa = PBXFrameworksBuildPhase;
			buildActionMask = 2147483647;
			files = (
			);
			runOnlyForDeploymentPostprocessing = 0;
		};
		D488A1C02ACFC23300DC37FC /* Frameworks */ = {
			isa = PBXFrameworksBuildPhase;
			buildActionMask = 2147483647;
			files = (
			);
			runOnlyForDeploymentPostprocessing = 0;
		};
/* End PBXFrameworksBuildPhase section */

/* Begin PBXGroup section */
		D416C53B2AD167A400645F98 /* Helper */ = {
			isa = PBXGroup;
			children = (
				D4DAC05D2AD5AA780082BEC5 /* Network */,
				D416C53C2AD167B000645F98 /* Log */,
			);
			path = Helper;
			sourceTree = "<group>";
		};
		D416C53C2AD167B000645F98 /* Log */ = {
			isa = PBXGroup;
			children = (
				D416C53D2AD167B700645F98 /* Log.swift */,
			);
			path = Log;
			sourceTree = "<group>";
		};
		D416C5412AD17AD400645F98 /* Utils */ = {
			isa = PBXGroup;
			children = (
				D42F79802AD2AF04007B0BCC /* Ext */,
				D42F79772AD2871F007B0BCC /* Protocols */,
			);
			path = Utils;
			sourceTree = "<group>";
		};
		D416C5422AD17AE500645F98 /* Presentation */ = {
			isa = PBXGroup;
			children = (
				D416C5432AD17AF300645F98 /* Base */,
				D42F79842AD2AFFD007B0BCC /* Components */,
				D416C5482AD17C2E00645F98 /* Splash */,
				D42F79752AD28705007B0BCC /* LoginScene */,
			);
			path = Presentation;
			sourceTree = "<group>";
		};
		D416C5432AD17AF300645F98 /* Base */ = {
			isa = PBXGroup;
			children = (
				D416C54C2AD17C4F00645F98 /* ViewModel */,
				D416C54B2AD17C4A00645F98 /* ViewController */,
			);
			path = Base;
			sourceTree = "<group>";
		};
		D416C5482AD17C2E00645F98 /* Splash */ = {
			isa = PBXGroup;
			children = (
				D416C54A2AD17C4300645F98 /* ViewModel */,
				D416C5492AD17C3D00645F98 /* ViewController */,
			);
			path = Splash;
			sourceTree = "<group>";
		};
		D416C5492AD17C3D00645F98 /* ViewController */ = {
			isa = PBXGroup;
			children = (
				D416C54F2AD17C9400645F98 /* SplashViewController.swift */,
			);
			path = ViewController;
			sourceTree = "<group>";
		};
		D416C54A2AD17C4300645F98 /* ViewModel */ = {
			isa = PBXGroup;
			children = (
				D416C5512AD17C9B00645F98 /* SplashViewModel.swift */,
			);
			path = ViewModel;
			sourceTree = "<group>";
		};
		D416C54B2AD17C4A00645F98 /* ViewController */ = {
			isa = PBXGroup;
			children = (
				D416C5462AD17BEC00645F98 /* BaseViewController.swift */,
			);
			path = ViewController;
			sourceTree = "<group>";
		};
		D416C54C2AD17C4F00645F98 /* ViewModel */ = {
			isa = PBXGroup;
			children = (
				D416C54D2AD17C6300645F98 /* ViewModel.swift */,
			);
			path = ViewModel;
			sourceTree = "<group>";
		};
		D42F79752AD28705007B0BCC /* LoginScene */ = {
			isa = PBXGroup;
			children = (
				D42F799C2AD32775007B0BCC /* Coordinator */,
				D42F798A2AD2BC61007B0BCC /* Start */,
				D42F79912AD2C4C6007B0BCC /* Login */,
			);
			path = LoginScene;
			sourceTree = "<group>";
		};
		D42F79772AD2871F007B0BCC /* Protocols */ = {
			isa = PBXGroup;
			children = (
				D416C5442AD17B0100645F98 /* ViewModelBindable.swift */,
			);
			path = Protocols;
			sourceTree = "<group>";
		};
		D42F797D2AD2883E007B0BCC /* Assets */ = {
			isa = PBXGroup;
			children = (
				D488A1AF2ACFC23300DC37FC /* Assets.xcassets */,
				D416C5532AD1B3ED00645F98 /* ColorAssets.xcassets */,
				D42F797E2AD2885C007B0BCC /* ImageAssets.xcassets */,
			);
			path = Assets;
			sourceTree = "<group>";
		};
		D42F79802AD2AF04007B0BCC /* Ext */ = {
			isa = PBXGroup;
			children = (
				D42F79812AD2AF0F007B0BCC /* UIViewControllerExt.swift */,
				D4C89B272AD4064400AF8020 /* StringExt.swift */,
				D4C89B292AD4370100AF8020 /* UIViewExt.swift */,
				D4C89B2B2AD43CEE00AF8020 /* UIButtonExt.swift */,
			);
			path = Ext;
			sourceTree = "<group>";
		};
		D42F79842AD2AFFD007B0BCC /* Components */ = {
			isa = PBXGroup;
			children = (
				D42F79852AD2B00B007B0BCC /* LogoView.swift */,
				D4DAC0542AD57DC70082BEC5 /* InputTextView.swift */,
			);
			path = Components;
			sourceTree = "<group>";
		};
		D42F79872AD2B073007B0BCC /* Frameworks */ = {
			isa = PBXGroup;
			children = (
			);
			name = Frameworks;
			sourceTree = "<group>";
		};
		D42F798A2AD2BC61007B0BCC /* Start */ = {
			isa = PBXGroup;
			children = (
				D4C89B082AD3E60200AF8020 /* View */,
				D42F798B2AD2BC6C007B0BCC /* ViewModel */,
				D42F798C2AD2BC70007B0BCC /* ViewController */,
			);
			path = Start;
			sourceTree = "<group>";
		};
		D42F798B2AD2BC6C007B0BCC /* ViewModel */ = {
			isa = PBXGroup;
			children = (
				D42F798D2AD2BC81007B0BCC /* StartViewModel.swift */,
				D42F799A2AD32624007B0BCC /* PlatformViewModel.swift */,
			);
			path = ViewModel;
			sourceTree = "<group>";
		};
		D42F798C2AD2BC70007B0BCC /* ViewController */ = {
			isa = PBXGroup;
			children = (
				D42F798F2AD2BC89007B0BCC /* StartViewController.swift */,
				D42F79982AD3260B007B0BCC /* PlatformViewController.swift */,
			);
			path = ViewController;
			sourceTree = "<group>";
		};
		D42F79912AD2C4C6007B0BCC /* Login */ = {
			isa = PBXGroup;
			children = (
				D42F79932AD2C4DD007B0BCC /* ViewModel */,
				D42F79922AD2C4D8007B0BCC /* ViewController */,
			);
			path = Login;
			sourceTree = "<group>";
		};
		D42F79922AD2C4D8007B0BCC /* ViewController */ = {
			isa = PBXGroup;
			children = (
				D42F79942AD2C4E9007B0BCC /* LoginViewController.swift */,
			);
			path = ViewController;
			sourceTree = "<group>";
		};
		D42F79932AD2C4DD007B0BCC /* ViewModel */ = {
			isa = PBXGroup;
			children = (
				D42F79962AD2C64C007B0BCC /* LoginViewModel.swift */,
			);
			path = ViewModel;
			sourceTree = "<group>";
		};
		D42F799C2AD32775007B0BCC /* Coordinator */ = {
			isa = PBXGroup;
			children = (
				D42F79782AD28742007B0BCC /* LoginSceneCoordinator.swift */,
				D42F799D2AD3277F007B0BCC /* LoginScene.swift */,
			);
			path = Coordinator;
			sourceTree = "<group>";
		};
		D488A19A2ACFC23200DC37FC = {
			isa = PBXGroup;
			children = (
				D488A1A52ACFC23200DC37FC /* Github-Contribution */,
				D488A1BC2ACFC23300DC37FC /* Github-ContributionTests */,
				D488A1C62ACFC23300DC37FC /* Github-ContributionUITests */,
				D488A1A42ACFC23200DC37FC /* Products */,
				D42F79872AD2B073007B0BCC /* Frameworks */,
			);
			sourceTree = "<group>";
		};
		D488A1A42ACFC23200DC37FC /* Products */ = {
			isa = PBXGroup;
			children = (
				D488A1A32ACFC23200DC37FC /* Github-Contribution.app */,
				D488A1B92ACFC23300DC37FC /* Github-ContributionTests.xctest */,
				D488A1C32ACFC23300DC37FC /* Github-ContributionUITests.xctest */,
			);
			name = Products;
			sourceTree = "<group>";
		};
		D488A1A52ACFC23200DC37FC /* Github-Contribution */ = {
			isa = PBXGroup;
			children = (
				D488A1D62ACFC28400DC37FC /* Application */,
				D416C5422AD17AE500645F98 /* Presentation */,
				D4C89B0B2AD4001300AF8020 /* Domain */,
				D4DAC0562AD5944B0082BEC5 /* Data */,
				D416C53B2AD167A400645F98 /* Helper */,
				D416C5412AD17AD400645F98 /* Utils */,
				D488A1D72ACFC28F00DC37FC /* Resources */,
			);
			path = "Github-Contribution";
			sourceTree = "<group>";
		};
		D488A1BC2ACFC23300DC37FC /* Github-ContributionTests */ = {
			isa = PBXGroup;
			children = (
				D488A1BD2ACFC23300DC37FC /* Github_ContributionTests.swift */,
			);
			path = "Github-ContributionTests";
			sourceTree = "<group>";
		};
		D488A1C62ACFC23300DC37FC /* Github-ContributionUITests */ = {
			isa = PBXGroup;
			children = (
				D488A1C72ACFC23300DC37FC /* Github_ContributionUITests.swift */,
				D488A1C92ACFC23300DC37FC /* Github_ContributionUITestsLaunchTests.swift */,
			);
			path = "Github-ContributionUITests";
			sourceTree = "<group>";
		};
		D488A1D62ACFC28400DC37FC /* Application */ = {
			isa = PBXGroup;
			children = (
				D488A1D92AD04F1700DC37FC /* DIContainer */,
				D488A1D82AD04F1300DC37FC /* Coordinator */,
				D488A1A62ACFC23200DC37FC /* AppDelegate.swift */,
				D488A1A82ACFC23200DC37FC /* SceneDelegate.swift */,
				D416C5552AD1B47900645F98 /* AppAppearance.swift */,
			);
			path = Application;
			sourceTree = "<group>";
		};
		D488A1D72ACFC28F00DC37FC /* Resources */ = {
			isa = PBXGroup;
			children = (
				D42F797D2AD2883E007B0BCC /* Assets */,
				D488A1B12ACFC23300DC37FC /* LaunchScreen.storyboard */,
				D488A1B42ACFC23300DC37FC /* Info.plist */,
				D4C89B252AD4052200AF8020 /* Localizable.strings */,
			);
			path = Resources;
			sourceTree = "<group>";
		};
		D488A1D82AD04F1300DC37FC /* Coordinator */ = {
			isa = PBXGroup;
			children = (
				D488A1E32AD052CC00DC37FC /* Transition */,
				D488A1DE2AD0518400DC37FC /* Scene */,
				D488A1DC2AD04F3000DC37FC /* Coordinator.swift */,
				D488A1E62AD0560800DC37FC /* AppCoordinator.swift */,
				D416C53F2AD1799800645F98 /* AppScene.swift */,
			);
			path = Coordinator;
			sourceTree = "<group>";
		};
		D488A1D92AD04F1700DC37FC /* DIContainer */ = {
			isa = PBXGroup;
			children = (
				D488A1DA2AD04F2100DC37FC /* AppDIContainer.swift */,
				D42F797B2AD287A5007B0BCC /* LoginSceneDIContainer.swift */,
			);
			path = DIContainer;
			sourceTree = "<group>";
		};
		D488A1DE2AD0518400DC37FC /* Scene */ = {
			isa = PBXGroup;
			children = (
				D488A1DF2AD0518B00DC37FC /* Scene.swift */,
			);
			path = Scene;
			sourceTree = "<group>";
		};
		D488A1E32AD052CC00DC37FC /* Transition */ = {
			isa = PBXGroup;
			children = (
				D488A1E12AD0520600DC37FC /* TransitionStyle.swift */,
				D488A1E42AD052D900DC37FC /* TransitionError.swift */,
			);
			path = Transition;
			sourceTree = "<group>";
		};
		D4C89B082AD3E60200AF8020 /* View */ = {
			isa = PBXGroup;
			children = (
				D4C89B092AD3E60D00AF8020 /* PlatformListView.swift */,
			);
			path = View;
			sourceTree = "<group>";
		};
		D4C89B0B2AD4001300AF8020 /* Domain */ = {
			isa = PBXGroup;
			children = (
				D4C89B0C2AD4001F00AF8020 /* Entities */,
			);
			path = Domain;
			sourceTree = "<group>";
		};
		D4C89B0C2AD4001F00AF8020 /* Entities */ = {
			isa = PBXGroup;
			children = (
				D4C89B0F2AD4008D00AF8020 /* VCS */,
			);
			path = Entities;
			sourceTree = "<group>";
		};
		D4C89B0F2AD4008D00AF8020 /* VCS */ = {
			isa = PBXGroup;
			children = (
				D4C89B102AD4009700AF8020 /* VCSType.swift */,
				D4DAC0522AD579AF0082BEC5 /* Profile.swift */,
			);
			path = VCS;
			sourceTree = "<group>";
		};
		D4DAC0562AD5944B0082BEC5 /* Data */ = {
			isa = PBXGroup;
			children = (
				D4DAC0622AD5AE0E0082BEC5 /* Network */,
				D4DAC0572AD594530082BEC5 /* Storage */,
			);
			path = Data;
			sourceTree = "<group>";
		};
		D4DAC0572AD594530082BEC5 /* Storage */ = {
			isa = PBXGroup;
			children = (
				D4DAC0582AD594640082BEC5 /* CoreDataStorage.xcdatamodeld */,
				D4DAC05B2AD595520082BEC5 /* CoreDataStorage.swift */,
			);
			path = Storage;
			sourceTree = "<group>";
		};
		D4DAC05D2AD5AA780082BEC5 /* Network */ = {
			isa = PBXGroup;
			children = (
				D4DAC05E2AD5AADE0082BEC5 /* EndPoint.swift */,
				D4DAC0602AD5AB920082BEC5 /* NetworkService.swift */,
			);
			path = Network;
			sourceTree = "<group>";
		};
		D4DAC0622AD5AE0E0082BEC5 /* Network */ = {
			isa = PBXGroup;
			children = (
				D4DAC0632AD5AE180082BEC5 /* APIEndPoints.swift */,
			);
			path = Network;
			sourceTree = "<group>";
		};
/* End PBXGroup section */

/* Begin PBXNativeTarget section */
		D488A1A22ACFC23200DC37FC /* Github-Contribution */ = {
			isa = PBXNativeTarget;
			buildConfigurationList = D488A1CD2ACFC23300DC37FC /* Build configuration list for PBXNativeTarget "Github-Contribution" */;
			buildPhases = (
				D488A19F2ACFC23200DC37FC /* Sources */,
				D488A1A02ACFC23200DC37FC /* Frameworks */,
				D488A1A12ACFC23200DC37FC /* Resources */,
			);
			buildRules = (
			);
			dependencies = (
			);
			name = "Github-Contribution";
			packageProductDependencies = (
				D416C5592AD1C78700645F98 /* RxCocoa */,
				D416C55B2AD1C78700645F98 /* RxSwift */,
				D416C55E2AD1CAEA00645F98 /* NSObject-Rx */,
				D42F79882AD2B073007B0BCC /* SnapKit */,
			);
			productName = "Github-Contribution";
			productReference = D488A1A32ACFC23200DC37FC /* Github-Contribution.app */;
			productType = "com.apple.product-type.application";
		};
		D488A1B82ACFC23300DC37FC /* Github-ContributionTests */ = {
			isa = PBXNativeTarget;
			buildConfigurationList = D488A1D02ACFC23300DC37FC /* Build configuration list for PBXNativeTarget "Github-ContributionTests" */;
			buildPhases = (
				D488A1B52ACFC23300DC37FC /* Sources */,
				D488A1B62ACFC23300DC37FC /* Frameworks */,
				D488A1B72ACFC23300DC37FC /* Resources */,
			);
			buildRules = (
			);
			dependencies = (
				D488A1BB2ACFC23300DC37FC /* PBXTargetDependency */,
			);
			name = "Github-ContributionTests";
			productName = "Github-ContributionTests";
			productReference = D488A1B92ACFC23300DC37FC /* Github-ContributionTests.xctest */;
			productType = "com.apple.product-type.bundle.unit-test";
		};
		D488A1C22ACFC23300DC37FC /* Github-ContributionUITests */ = {
			isa = PBXNativeTarget;
			buildConfigurationList = D488A1D32ACFC23300DC37FC /* Build configuration list for PBXNativeTarget "Github-ContributionUITests" */;
			buildPhases = (
				D488A1BF2ACFC23300DC37FC /* Sources */,
				D488A1C02ACFC23300DC37FC /* Frameworks */,
				D488A1C12ACFC23300DC37FC /* Resources */,
			);
			buildRules = (
			);
			dependencies = (
				D488A1C52ACFC23300DC37FC /* PBXTargetDependency */,
			);
			name = "Github-ContributionUITests";
			productName = "Github-ContributionUITests";
			productReference = D488A1C32ACFC23300DC37FC /* Github-ContributionUITests.xctest */;
			productType = "com.apple.product-type.bundle.ui-testing";
		};
/* End PBXNativeTarget section */

/* Begin PBXProject section */
		D488A19B2ACFC23200DC37FC /* Project object */ = {
			isa = PBXProject;
			attributes = {
				BuildIndependentTargetsInParallel = 1;
				LastSwiftUpdateCheck = 1500;
				LastUpgradeCheck = 1500;
				TargetAttributes = {
					D488A1A22ACFC23200DC37FC = {
						CreatedOnToolsVersion = 15.0;
					};
					D488A1B82ACFC23300DC37FC = {
						CreatedOnToolsVersion = 15.0;
						TestTargetID = D488A1A22ACFC23200DC37FC;
					};
					D488A1C22ACFC23300DC37FC = {
						CreatedOnToolsVersion = 15.0;
						TestTargetID = D488A1A22ACFC23200DC37FC;
					};
				};
			};
			buildConfigurationList = D488A19E2ACFC23200DC37FC /* Build configuration list for PBXProject "Github-Contribution" */;
			compatibilityVersion = "Xcode 14.0";
			developmentRegion = en;
			hasScannedForEncodings = 0;
			knownRegions = (
				en,
				Base,
				ko,
			);
			mainGroup = D488A19A2ACFC23200DC37FC;
			packageReferences = (
				D416C5572AD1C76600645F98 /* XCRemoteSwiftPackageReference "SnapKit" */,
				D416C5582AD1C78700645F98 /* XCRemoteSwiftPackageReference "RxSwift" */,
				D416C55D2AD1CAEA00645F98 /* XCRemoteSwiftPackageReference "NSObject-Rx" */,
			);
			productRefGroup = D488A1A42ACFC23200DC37FC /* Products */;
			projectDirPath = "";
			projectRoot = "";
			targets = (
				D488A1A22ACFC23200DC37FC /* Github-Contribution */,
				D488A1B82ACFC23300DC37FC /* Github-ContributionTests */,
				D488A1C22ACFC23300DC37FC /* Github-ContributionUITests */,
			);
		};
/* End PBXProject section */

/* Begin PBXResourcesBuildPhase section */
		D488A1A12ACFC23200DC37FC /* Resources */ = {
			isa = PBXResourcesBuildPhase;
			buildActionMask = 2147483647;
			files = (
				D4C89B232AD4052200AF8020 /* Localizable.strings in Resources */,
				D488A1B32ACFC23300DC37FC /* LaunchScreen.storyboard in Resources */,
				D416C5542AD1B3ED00645F98 /* ColorAssets.xcassets in Resources */,
				D42F797F2AD2885C007B0BCC /* ImageAssets.xcassets in Resources */,
				D488A1B02ACFC23300DC37FC /* Assets.xcassets in Resources */,
			);
			runOnlyForDeploymentPostprocessing = 0;
		};
		D488A1B72ACFC23300DC37FC /* Resources */ = {
			isa = PBXResourcesBuildPhase;
			buildActionMask = 2147483647;
			files = (
			);
			runOnlyForDeploymentPostprocessing = 0;
		};
		D488A1C12ACFC23300DC37FC /* Resources */ = {
			isa = PBXResourcesBuildPhase;
			buildActionMask = 2147483647;
			files = (
			);
			runOnlyForDeploymentPostprocessing = 0;
		};
/* End PBXResourcesBuildPhase section */

/* Begin PBXSourcesBuildPhase section */
		D488A19F2ACFC23200DC37FC /* Sources */ = {
			isa = PBXSourcesBuildPhase;
			buildActionMask = 2147483647;
			files = (
				D42F79792AD28742007B0BCC /* LoginSceneCoordinator.swift in Sources */,
				D416C5522AD17C9B00645F98 /* SplashViewModel.swift in Sources */,
				D4C89B112AD4009700AF8020 /* VCSType.swift in Sources */,
				D488A1DD2AD04F3000DC37FC /* Coordinator.swift in Sources */,
				D4C89B282AD4064400AF8020 /* StringExt.swift in Sources */,
				D42F79952AD2C4E9007B0BCC /* LoginViewController.swift in Sources */,
				D4DAC0552AD57DC70082BEC5 /* InputTextView.swift in Sources */,
				D42F799E2AD3277F007B0BCC /* LoginScene.swift in Sources */,
				D488A1A72ACFC23200DC37FC /* AppDelegate.swift in Sources */,
				D416C5402AD1799800645F98 /* AppScene.swift in Sources */,
				D42F79992AD3260B007B0BCC /* PlatformViewController.swift in Sources */,
				D42F79902AD2BC89007B0BCC /* StartViewController.swift in Sources */,
				D4DAC05C2AD595520082BEC5 /* CoreDataStorage.swift in Sources */,
				D42F79862AD2B00B007B0BCC /* LogoView.swift in Sources */,
				D416C53E2AD167B700645F98 /* Log.swift in Sources */,
				D42F798E2AD2BC81007B0BCC /* StartViewModel.swift in Sources */,
				D416C5452AD17B0100645F98 /* ViewModelBindable.swift in Sources */,
				D4DAC0642AD5AE180082BEC5 /* APIEndPoints.swift in Sources */,
				D416C5502AD17C9400645F98 /* SplashViewController.swift in Sources */,
				D416C5472AD17BEC00645F98 /* BaseViewController.swift in Sources */,
				D416C54E2AD17C6300645F98 /* ViewModel.swift in Sources */,
				D488A1E02AD0518B00DC37FC /* Scene.swift in Sources */,
				D4DAC0532AD579AF0082BEC5 /* Profile.swift in Sources */,
				D4C89B0A2AD3E60D00AF8020 /* PlatformListView.swift in Sources */,
				D488A1E52AD052D900DC37FC /* TransitionError.swift in Sources */,
				D4DAC05F2AD5AADE0082BEC5 /* EndPoint.swift in Sources */,
				D42F799B2AD32624007B0BCC /* PlatformViewModel.swift in Sources */,
				D488A1E72AD0560800DC37FC /* AppCoordinator.swift in Sources */,
				D4C89B2C2AD43CEE00AF8020 /* UIButtonExt.swift in Sources */,
				D488A1A92ACFC23200DC37FC /* SceneDelegate.swift in Sources */,
				D4DAC05A2AD594640082BEC5 /* CoreDataStorage.xcdatamodeld in Sources */,
				D42F79822AD2AF0F007B0BCC /* UIViewControllerExt.swift in Sources */,
				D488A1E22AD0520600DC37FC /* TransitionStyle.swift in Sources */,
				D42F79972AD2C64C007B0BCC /* LoginViewModel.swift in Sources */,
				D488A1DB2AD04F2100DC37FC /* AppDIContainer.swift in Sources */,
				D4DAC0612AD5AB920082BEC5 /* NetworkService.swift in Sources */,
				D416C5562AD1B47900645F98 /* AppAppearance.swift in Sources */,
				D42F797C2AD287A5007B0BCC /* LoginSceneDIContainer.swift in Sources */,
				D4C89B2A2AD4370100AF8020 /* UIViewExt.swift in Sources */,
			);
			runOnlyForDeploymentPostprocessing = 0;
		};
		D488A1B52ACFC23300DC37FC /* Sources */ = {
			isa = PBXSourcesBuildPhase;
			buildActionMask = 2147483647;
			files = (
				D488A1BE2ACFC23300DC37FC /* Github_ContributionTests.swift in Sources */,
			);
			runOnlyForDeploymentPostprocessing = 0;
		};
		D488A1BF2ACFC23300DC37FC /* Sources */ = {
			isa = PBXSourcesBuildPhase;
			buildActionMask = 2147483647;
			files = (
				D488A1C82ACFC23300DC37FC /* Github_ContributionUITests.swift in Sources */,
				D488A1CA2ACFC23300DC37FC /* Github_ContributionUITestsLaunchTests.swift in Sources */,
			);
			runOnlyForDeploymentPostprocessing = 0;
		};
/* End PBXSourcesBuildPhase section */

/* Begin PBXTargetDependency section */
		D488A1BB2ACFC23300DC37FC /* PBXTargetDependency */ = {
			isa = PBXTargetDependency;
			target = D488A1A22ACFC23200DC37FC /* Github-Contribution */;
			targetProxy = D488A1BA2ACFC23300DC37FC /* PBXContainerItemProxy */;
		};
		D488A1C52ACFC23300DC37FC /* PBXTargetDependency */ = {
			isa = PBXTargetDependency;
			target = D488A1A22ACFC23200DC37FC /* Github-Contribution */;
			targetProxy = D488A1C42ACFC23300DC37FC /* PBXContainerItemProxy */;
		};
/* End PBXTargetDependency section */

/* Begin PBXVariantGroup section */
		D488A1B12ACFC23300DC37FC /* LaunchScreen.storyboard */ = {
			isa = PBXVariantGroup;
			children = (
				D488A1B22ACFC23300DC37FC /* Base */,
			);
			name = LaunchScreen.storyboard;
			sourceTree = "<group>";
		};
		D4C89B252AD4052200AF8020 /* Localizable.strings */ = {
			isa = PBXVariantGroup;
			children = (
				D4C89B242AD4052200AF8020 /* en */,
				D4C89B262AD4053400AF8020 /* ko */,
			);
			name = Localizable.strings;
			sourceTree = "<group>";
		};
/* End PBXVariantGroup section */

/* Begin XCBuildConfiguration section */
		D488A1CB2ACFC23300DC37FC /* Debug */ = {
			isa = XCBuildConfiguration;
			buildSettings = {
				ALWAYS_SEARCH_USER_PATHS = NO;
				ASSETCATALOG_COMPILER_GENERATE_SWIFT_ASSET_SYMBOL_EXTENSIONS = YES;
				CLANG_ANALYZER_LOCALIZABILITY_NONLOCALIZED = YES;
				CLANG_ANALYZER_NONNULL = YES;
				CLANG_ANALYZER_NUMBER_OBJECT_CONVERSION = YES_AGGRESSIVE;
				CLANG_CXX_LANGUAGE_STANDARD = "gnu++20";
				CLANG_ENABLE_MODULES = YES;
				CLANG_ENABLE_OBJC_ARC = YES;
				CLANG_ENABLE_OBJC_WEAK = YES;
				CLANG_WARN_BLOCK_CAPTURE_AUTORELEASING = YES;
				CLANG_WARN_BOOL_CONVERSION = YES;
				CLANG_WARN_COMMA = YES;
				CLANG_WARN_CONSTANT_CONVERSION = YES;
				CLANG_WARN_DEPRECATED_OBJC_IMPLEMENTATIONS = YES;
				CLANG_WARN_DIRECT_OBJC_ISA_USAGE = YES_ERROR;
				CLANG_WARN_DOCUMENTATION_COMMENTS = YES;
				CLANG_WARN_EMPTY_BODY = YES;
				CLANG_WARN_ENUM_CONVERSION = YES;
				CLANG_WARN_INFINITE_RECURSION = YES;
				CLANG_WARN_INT_CONVERSION = YES;
				CLANG_WARN_NON_LITERAL_NULL_CONVERSION = YES;
				CLANG_WARN_OBJC_IMPLICIT_RETAIN_SELF = YES;
				CLANG_WARN_OBJC_LITERAL_CONVERSION = YES;
				CLANG_WARN_OBJC_ROOT_CLASS = YES_ERROR;
				CLANG_WARN_QUOTED_INCLUDE_IN_FRAMEWORK_HEADER = YES;
				CLANG_WARN_RANGE_LOOP_ANALYSIS = YES;
				CLANG_WARN_STRICT_PROTOTYPES = YES;
				CLANG_WARN_SUSPICIOUS_MOVE = YES;
				CLANG_WARN_UNGUARDED_AVAILABILITY = YES_AGGRESSIVE;
				CLANG_WARN_UNREACHABLE_CODE = YES;
				CLANG_WARN__DUPLICATE_METHOD_MATCH = YES;
				COPY_PHASE_STRIP = NO;
				DEBUG_INFORMATION_FORMAT = dwarf;
				ENABLE_STRICT_OBJC_MSGSEND = YES;
				ENABLE_TESTABILITY = YES;
				ENABLE_USER_SCRIPT_SANDBOXING = YES;
				GCC_C_LANGUAGE_STANDARD = gnu17;
				GCC_DYNAMIC_NO_PIC = NO;
				GCC_NO_COMMON_BLOCKS = YES;
				GCC_OPTIMIZATION_LEVEL = 0;
				GCC_PREPROCESSOR_DEFINITIONS = (
					"DEBUG=1",
					"$(inherited)",
				);
				GCC_WARN_64_TO_32_BIT_CONVERSION = YES;
				GCC_WARN_ABOUT_RETURN_TYPE = YES_ERROR;
				GCC_WARN_UNDECLARED_SELECTOR = YES;
				GCC_WARN_UNINITIALIZED_AUTOS = YES_AGGRESSIVE;
				GCC_WARN_UNUSED_FUNCTION = YES;
				GCC_WARN_UNUSED_VARIABLE = YES;
				IPHONEOS_DEPLOYMENT_TARGET = 13.0;
				LOCALIZATION_PREFERS_STRING_CATALOGS = YES;
				MTL_ENABLE_DEBUG_INFO = INCLUDE_SOURCE;
				MTL_FAST_MATH = YES;
				ONLY_ACTIVE_ARCH = YES;
				SDKROOT = iphoneos;
				SWIFT_ACTIVE_COMPILATION_CONDITIONS = "DEBUG $(inherited)";
				SWIFT_OPTIMIZATION_LEVEL = "-Onone";
			};
			name = Debug;
		};
		D488A1CC2ACFC23300DC37FC /* Release */ = {
			isa = XCBuildConfiguration;
			buildSettings = {
				ALWAYS_SEARCH_USER_PATHS = NO;
				ASSETCATALOG_COMPILER_GENERATE_SWIFT_ASSET_SYMBOL_EXTENSIONS = YES;
				CLANG_ANALYZER_LOCALIZABILITY_NONLOCALIZED = YES;
				CLANG_ANALYZER_NONNULL = YES;
				CLANG_ANALYZER_NUMBER_OBJECT_CONVERSION = YES_AGGRESSIVE;
				CLANG_CXX_LANGUAGE_STANDARD = "gnu++20";
				CLANG_ENABLE_MODULES = YES;
				CLANG_ENABLE_OBJC_ARC = YES;
				CLANG_ENABLE_OBJC_WEAK = YES;
				CLANG_WARN_BLOCK_CAPTURE_AUTORELEASING = YES;
				CLANG_WARN_BOOL_CONVERSION = YES;
				CLANG_WARN_COMMA = YES;
				CLANG_WARN_CONSTANT_CONVERSION = YES;
				CLANG_WARN_DEPRECATED_OBJC_IMPLEMENTATIONS = YES;
				CLANG_WARN_DIRECT_OBJC_ISA_USAGE = YES_ERROR;
				CLANG_WARN_DOCUMENTATION_COMMENTS = YES;
				CLANG_WARN_EMPTY_BODY = YES;
				CLANG_WARN_ENUM_CONVERSION = YES;
				CLANG_WARN_INFINITE_RECURSION = YES;
				CLANG_WARN_INT_CONVERSION = YES;
				CLANG_WARN_NON_LITERAL_NULL_CONVERSION = YES;
				CLANG_WARN_OBJC_IMPLICIT_RETAIN_SELF = YES;
				CLANG_WARN_OBJC_LITERAL_CONVERSION = YES;
				CLANG_WARN_OBJC_ROOT_CLASS = YES_ERROR;
				CLANG_WARN_QUOTED_INCLUDE_IN_FRAMEWORK_HEADER = YES;
				CLANG_WARN_RANGE_LOOP_ANALYSIS = YES;
				CLANG_WARN_STRICT_PROTOTYPES = YES;
				CLANG_WARN_SUSPICIOUS_MOVE = YES;
				CLANG_WARN_UNGUARDED_AVAILABILITY = YES_AGGRESSIVE;
				CLANG_WARN_UNREACHABLE_CODE = YES;
				CLANG_WARN__DUPLICATE_METHOD_MATCH = YES;
				COPY_PHASE_STRIP = NO;
				DEBUG_INFORMATION_FORMAT = "dwarf-with-dsym";
				ENABLE_NS_ASSERTIONS = NO;
				ENABLE_STRICT_OBJC_MSGSEND = YES;
				ENABLE_USER_SCRIPT_SANDBOXING = YES;
				GCC_C_LANGUAGE_STANDARD = gnu17;
				GCC_NO_COMMON_BLOCKS = YES;
				GCC_WARN_64_TO_32_BIT_CONVERSION = YES;
				GCC_WARN_ABOUT_RETURN_TYPE = YES_ERROR;
				GCC_WARN_UNDECLARED_SELECTOR = YES;
				GCC_WARN_UNINITIALIZED_AUTOS = YES_AGGRESSIVE;
				GCC_WARN_UNUSED_FUNCTION = YES;
				GCC_WARN_UNUSED_VARIABLE = YES;
				IPHONEOS_DEPLOYMENT_TARGET = 13.0;
				LOCALIZATION_PREFERS_STRING_CATALOGS = YES;
				MTL_ENABLE_DEBUG_INFO = NO;
				MTL_FAST_MATH = YES;
				SDKROOT = iphoneos;
				SWIFT_COMPILATION_MODE = wholemodule;
				VALIDATE_PRODUCT = YES;
			};
			name = Release;
		};
		D488A1CE2ACFC23300DC37FC /* Debug */ = {
			isa = XCBuildConfiguration;
			buildSettings = {
				ASSETCATALOG_COMPILER_APPICON_NAME = AppIcon;
				ASSETCATALOG_COMPILER_GLOBAL_ACCENT_COLOR_NAME = AccentColor;
				CODE_SIGN_STYLE = Automatic;
				CURRENT_PROJECT_VERSION = 1;
				DEVELOPMENT_TEAM = B5VBLCZU85;
				GENERATE_INFOPLIST_FILE = YES;
				INFOPLIST_FILE = "Github-Contribution/Resources/Info.plist";
				INFOPLIST_KEY_CFBundleDisplayName = Contributions;
				INFOPLIST_KEY_UIApplicationSupportsIndirectInputEvents = YES;
				INFOPLIST_KEY_UILaunchStoryboardName = LaunchScreen.storyboard;
				INFOPLIST_KEY_UISupportedInterfaceOrientations_iPad = "UIInterfaceOrientationPortrait UIInterfaceOrientationPortraitUpsideDown UIInterfaceOrientationLandscapeLeft UIInterfaceOrientationLandscapeRight";
				INFOPLIST_KEY_UISupportedInterfaceOrientations_iPhone = "UIInterfaceOrientationPortrait UIInterfaceOrientationLandscapeLeft UIInterfaceOrientationLandscapeRight";
				IPHONEOS_DEPLOYMENT_TARGET = 13.0;
				LD_RUNPATH_SEARCH_PATHS = (
					"$(inherited)",
					"@executable_path/Frameworks",
				);
				MARKETING_VERSION = 1.0;
				PRODUCT_BUNDLE_IDENTIFIER = "me.devswift.Github-Contribution";
				PRODUCT_NAME = "$(TARGET_NAME)";
				SWIFT_EMIT_LOC_STRINGS = YES;
				SWIFT_VERSION = 5.0;
				TARGETED_DEVICE_FAMILY = "1,2";
			};
			name = Debug;
		};
		D488A1CF2ACFC23300DC37FC /* Release */ = {
			isa = XCBuildConfiguration;
			buildSettings = {
				ASSETCATALOG_COMPILER_APPICON_NAME = AppIcon;
				ASSETCATALOG_COMPILER_GLOBAL_ACCENT_COLOR_NAME = AccentColor;
				CODE_SIGN_STYLE = Automatic;
				CURRENT_PROJECT_VERSION = 1;
				DEVELOPMENT_TEAM = B5VBLCZU85;
				GENERATE_INFOPLIST_FILE = YES;
				INFOPLIST_FILE = "Github-Contribution/Resources/Info.plist";
				INFOPLIST_KEY_CFBundleDisplayName = Contributions;
				INFOPLIST_KEY_UIApplicationSupportsIndirectInputEvents = YES;
				INFOPLIST_KEY_UILaunchStoryboardName = LaunchScreen.storyboard;
				INFOPLIST_KEY_UISupportedInterfaceOrientations_iPad = "UIInterfaceOrientationPortrait UIInterfaceOrientationPortraitUpsideDown UIInterfaceOrientationLandscapeLeft UIInterfaceOrientationLandscapeRight";
				INFOPLIST_KEY_UISupportedInterfaceOrientations_iPhone = "UIInterfaceOrientationPortrait UIInterfaceOrientationLandscapeLeft UIInterfaceOrientationLandscapeRight";
				IPHONEOS_DEPLOYMENT_TARGET = 13.0;
				LD_RUNPATH_SEARCH_PATHS = (
					"$(inherited)",
					"@executable_path/Frameworks",
				);
				MARKETING_VERSION = 1.0;
				PRODUCT_BUNDLE_IDENTIFIER = "me.devswift.Github-Contribution";
				PRODUCT_NAME = "$(TARGET_NAME)";
				SWIFT_EMIT_LOC_STRINGS = YES;
				SWIFT_VERSION = 5.0;
				TARGETED_DEVICE_FAMILY = "1,2";
			};
			name = Release;
		};
		D488A1D12ACFC23300DC37FC /* Debug */ = {
			isa = XCBuildConfiguration;
			buildSettings = {
				ALWAYS_EMBED_SWIFT_STANDARD_LIBRARIES = YES;
				BUNDLE_LOADER = "$(TEST_HOST)";
				CODE_SIGN_STYLE = Automatic;
				CURRENT_PROJECT_VERSION = 1;
				DEVELOPMENT_TEAM = B5VBLCZU85;
				GENERATE_INFOPLIST_FILE = YES;
				IPHONEOS_DEPLOYMENT_TARGET = 17.0;
				MARKETING_VERSION = 1.0;
				PRODUCT_BUNDLE_IDENTIFIER = "me.devswift.Github-ContributionTests";
				PRODUCT_NAME = "$(TARGET_NAME)";
				SWIFT_EMIT_LOC_STRINGS = NO;
				SWIFT_VERSION = 5.0;
				TARGETED_DEVICE_FAMILY = "1,2";
				TEST_HOST = "$(BUILT_PRODUCTS_DIR)/Github-Contribution.app/$(BUNDLE_EXECUTABLE_FOLDER_PATH)/Github-Contribution";
			};
			name = Debug;
		};
		D488A1D22ACFC23300DC37FC /* Release */ = {
			isa = XCBuildConfiguration;
			buildSettings = {
				ALWAYS_EMBED_SWIFT_STANDARD_LIBRARIES = YES;
				BUNDLE_LOADER = "$(TEST_HOST)";
				CODE_SIGN_STYLE = Automatic;
				CURRENT_PROJECT_VERSION = 1;
				DEVELOPMENT_TEAM = B5VBLCZU85;
				GENERATE_INFOPLIST_FILE = YES;
				IPHONEOS_DEPLOYMENT_TARGET = 17.0;
				MARKETING_VERSION = 1.0;
				PRODUCT_BUNDLE_IDENTIFIER = "me.devswift.Github-ContributionTests";
				PRODUCT_NAME = "$(TARGET_NAME)";
				SWIFT_EMIT_LOC_STRINGS = NO;
				SWIFT_VERSION = 5.0;
				TARGETED_DEVICE_FAMILY = "1,2";
				TEST_HOST = "$(BUILT_PRODUCTS_DIR)/Github-Contribution.app/$(BUNDLE_EXECUTABLE_FOLDER_PATH)/Github-Contribution";
			};
			name = Release;
		};
		D488A1D42ACFC23300DC37FC /* Debug */ = {
			isa = XCBuildConfiguration;
			buildSettings = {
				ALWAYS_EMBED_SWIFT_STANDARD_LIBRARIES = YES;
				CODE_SIGN_STYLE = Automatic;
				CURRENT_PROJECT_VERSION = 1;
				DEVELOPMENT_TEAM = B5VBLCZU85;
				GENERATE_INFOPLIST_FILE = YES;
				MARKETING_VERSION = 1.0;
				PRODUCT_BUNDLE_IDENTIFIER = "me.devswift.Github-ContributionUITests";
				PRODUCT_NAME = "$(TARGET_NAME)";
				SWIFT_EMIT_LOC_STRINGS = NO;
				SWIFT_VERSION = 5.0;
				TARGETED_DEVICE_FAMILY = "1,2";
				TEST_TARGET_NAME = "Github-Contribution";
			};
			name = Debug;
		};
		D488A1D52ACFC23300DC37FC /* Release */ = {
			isa = XCBuildConfiguration;
			buildSettings = {
				ALWAYS_EMBED_SWIFT_STANDARD_LIBRARIES = YES;
				CODE_SIGN_STYLE = Automatic;
				CURRENT_PROJECT_VERSION = 1;
				DEVELOPMENT_TEAM = B5VBLCZU85;
				GENERATE_INFOPLIST_FILE = YES;
				MARKETING_VERSION = 1.0;
				PRODUCT_BUNDLE_IDENTIFIER = "me.devswift.Github-ContributionUITests";
				PRODUCT_NAME = "$(TARGET_NAME)";
				SWIFT_EMIT_LOC_STRINGS = NO;
				SWIFT_VERSION = 5.0;
				TARGETED_DEVICE_FAMILY = "1,2";
				TEST_TARGET_NAME = "Github-Contribution";
			};
			name = Release;
		};
/* End XCBuildConfiguration section */

/* Begin XCConfigurationList section */
		D488A19E2ACFC23200DC37FC /* Build configuration list for PBXProject "Github-Contribution" */ = {
			isa = XCConfigurationList;
			buildConfigurations = (
				D488A1CB2ACFC23300DC37FC /* Debug */,
				D488A1CC2ACFC23300DC37FC /* Release */,
			);
			defaultConfigurationIsVisible = 0;
			defaultConfigurationName = Release;
		};
		D488A1CD2ACFC23300DC37FC /* Build configuration list for PBXNativeTarget "Github-Contribution" */ = {
			isa = XCConfigurationList;
			buildConfigurations = (
				D488A1CE2ACFC23300DC37FC /* Debug */,
				D488A1CF2ACFC23300DC37FC /* Release */,
			);
			defaultConfigurationIsVisible = 0;
			defaultConfigurationName = Release;
		};
		D488A1D02ACFC23300DC37FC /* Build configuration list for PBXNativeTarget "Github-ContributionTests" */ = {
			isa = XCConfigurationList;
			buildConfigurations = (
				D488A1D12ACFC23300DC37FC /* Debug */,
				D488A1D22ACFC23300DC37FC /* Release */,
			);
			defaultConfigurationIsVisible = 0;
			defaultConfigurationName = Release;
		};
		D488A1D32ACFC23300DC37FC /* Build configuration list for PBXNativeTarget "Github-ContributionUITests" */ = {
			isa = XCConfigurationList;
			buildConfigurations = (
				D488A1D42ACFC23300DC37FC /* Debug */,
				D488A1D52ACFC23300DC37FC /* Release */,
			);
			defaultConfigurationIsVisible = 0;
			defaultConfigurationName = Release;
		};
/* End XCConfigurationList section */

/* Begin XCRemoteSwiftPackageReference section */
		D416C5572AD1C76600645F98 /* XCRemoteSwiftPackageReference "SnapKit" */ = {
			isa = XCRemoteSwiftPackageReference;
			repositoryURL = "https://github.com/SnapKit/SnapKit.git";
			requirement = {
				kind = exactVersion;
				version = 5.6.0;
			};
		};
		D416C5582AD1C78700645F98 /* XCRemoteSwiftPackageReference "RxSwift" */ = {
			isa = XCRemoteSwiftPackageReference;
			repositoryURL = "https://github.com/ReactiveX/RxSwift.git";
			requirement = {
				kind = exactVersion;
				version = 6.6.0;
			};
		};
		D416C55D2AD1CAEA00645F98 /* XCRemoteSwiftPackageReference "NSObject-Rx" */ = {
			isa = XCRemoteSwiftPackageReference;
			repositoryURL = "https://github.com/RxSwiftCommunity/NSObject-Rx.git";
			requirement = {
				kind = exactVersion;
				version = 5.2.2;
			};
		};
/* End XCRemoteSwiftPackageReference section */

/* Begin XCSwiftPackageProductDependency section */
		D416C5592AD1C78700645F98 /* RxCocoa */ = {
			isa = XCSwiftPackageProductDependency;
			package = D416C5582AD1C78700645F98 /* XCRemoteSwiftPackageReference "RxSwift" */;
			productName = RxCocoa;
		};
		D416C55B2AD1C78700645F98 /* RxSwift */ = {
			isa = XCSwiftPackageProductDependency;
			package = D416C5582AD1C78700645F98 /* XCRemoteSwiftPackageReference "RxSwift" */;
			productName = RxSwift;
		};
		D416C55E2AD1CAEA00645F98 /* NSObject-Rx */ = {
			isa = XCSwiftPackageProductDependency;
			package = D416C55D2AD1CAEA00645F98 /* XCRemoteSwiftPackageReference "NSObject-Rx" */;
			productName = "NSObject-Rx";
		};
		D42F79882AD2B073007B0BCC /* SnapKit */ = {
			isa = XCSwiftPackageProductDependency;
			package = D416C5572AD1C76600645F98 /* XCRemoteSwiftPackageReference "SnapKit" */;
			productName = SnapKit;
		};
/* End XCSwiftPackageProductDependency section */

/* Begin XCVersionGroup section */
		D4DAC0582AD594640082BEC5 /* CoreDataStorage.xcdatamodeld */ = {
			isa = XCVersionGroup;
			children = (
				D4DAC0592AD594640082BEC5 /* CoreDataStorage.xcdatamodel */,
			);
			currentVersion = D4DAC0592AD594640082BEC5 /* CoreDataStorage.xcdatamodel */;
			path = CoreDataStorage.xcdatamodeld;
			sourceTree = "<group>";
			versionGroupType = wrapper.xcdatamodel;
		};
/* End XCVersionGroup section */
	};
	rootObject = D488A19B2ACFC23200DC37FC /* Project object */;
}
